
Microsoft Visual Studio Solution File, Format Version 12.00
# Visual Studio Version 16
VisualStudioVersion = 16.0.29001.49
MinimumVisualStudioVersion = 10.0.40219.1
Project("{8BC9CEB8-8B4A-11D0-8D11-00A0C91BC942}") = "LostVikingsGamescreenViewer", "LostVikingsGamescreenViewer\LostVikingsGamescreenViewer.vcxproj", "{27CC68CD-F6A8-4510-9FF8-7C4D2E36CAFE}"
EndProject
Global
	GlobalSection(SolutionConfigurationPlatforms) = preSolution
		Debug|x64 = Debug|x64
		Debug|x86 = Debug|x86
		Release|x64 = Release|x64
		Release|x86 = Release|x86
	EndGlobalSection
	GlobalSection(ProjectConfigurationPlatforms) = postSolution
		{27CC68CD-F6A8-4510-9FF8-7C4D2E36CAFE}.Debug|x64.ActiveCfg = Debug|x64
		{27CC68CD-F6A8-4510-9FF8-7C4D2E36CAFE}.Debug|x64.Build.0 = Debug|x64
		{27CC68CD-F6A8-4510-9FF8-7C4D2E36CAFE}.Debug|x86.ActiveCfg = Debug|Win32
		{27CC68CD-F6A8-4510-9FF8-7C4D2E36CAFE}.Debug|x86.Build.0 = Debug|Win32
		{27CC68CD-F6A8-4510-9FF8-7C4D2E36CAFE}.Release|x64.ActiveCfg = Release|x64
		{27CC68CD-F6A8-4510-9FF8-7C4D2E36CAFE}.Release|x64.Build.0 = Release|x64
		{27CC68CD-F6A8-4510-9FF8-7C4D2E36CAFE}.Release|x86.ActiveCfg = Release|Win32
		{27CC68CD-F6A8-4510-9FF8-7C4D2E36CAFE}.Release|x86.Build.0 = Release|Win32
	EndGlobalSection
	GlobalSection(SolutionProperties) = preSolution
		HideSolutionNode = FALSE
	EndGlobalSection
	GlobalSection(ExtensibilityGlobals) = postSolution
		SolutionGuid = {5F6130A8-081F-46E2-B532-1EC3F81D937C}
	EndGlobalSection
EndGlobal
